version = 1
revision = 2
requires-python = ">=3.10"

[[package]]
name = "colorama"
version = "0.4.6"
source = { registry = "https://pypi.org/simple" }
sdist = { url = "https://files.pythonhosted.org/packages/d8/53/6f443c9a4a8358a93a6792e2acffb9d9d5cb0a5cfd8802644b7b1c9a02e4/colorama-0.4.6.tar.gz", hash = "sha256:08695f5cb7ed6e0531a20572697297273c47b8cae5a63ffc6d6ed5c201be6e44", size = 27697, upload-time = "2022-10-25T02:36:22.414Z" }
wheels = [
    { url = "https://files.pythonhosted.org/packages/d1/d6/3965ed04c63042e047cb6a3e6ed1a63a35087b6a609aa3a15ed8ac56c221/colorama-0.4.6-py2.py3-none-any.whl", hash = "sha256:4f1d9991f5acc0ca119f9d443620b77f9d6b33703e51011c16baf57afb285fc6", size = 25335, upload-time = "2022-10-25T02:36:20.889Z" },
]

[[package]]
name = "exceptiongroup"
version = "1.3.1"
source = { registry = "https://pypi.org/simple" }
dependencies = [
    { name = "typing-extensions", marker = "python_full_version < '3.13'" },
]
sdist = { url = "https://files.pythonhosted.org/packages/50/79/66800aadf48771f6b62f7eb014e352e5d06856655206165d775e675a02c9/exceptiongroup-1.3.1.tar.gz", hash = "sha256:8b412432c6055b0b7d14c310000ae93352ed6754f70fa8f7c34141f91c4e3219", size = 30371, upload-time = "2025-11-21T23:01:54.787Z" }
wheels = [
    { url = "https://files.pythonhosted.org/packages/8a/0e/97c33bf5009bdbac74fd2beace167cab3f978feb69cc36f1ef79360d6c4e/exceptiongroup-1.3.1-py3-none-any.whl", hash = "sha256:a7a39a3bd276781e98394987d3a5701d0c4edffb633bb7a5144577f82c773598", size = 16740, upload-time = "2025-11-21T23:01:53.443Z" },
]

[[package]]
name = "iniconfig"
version = "2.3.0"
source = { registry = "https://pypi.org/simple" }
sdist = { url = "https://files.pythonhosted.org/packages/72/34/14ca021ce8e5dfedc35312d08ba8bf51fdd999c576889fc2c24cb97f4f10/iniconfig-2.3.0.tar.gz", hash = "sha256:c76315c77db068650d49c5b56314774a7804df16fee4402c1f19d6d15d8c4730", size = 20503, upload-time = "2025-10-18T21:55:43.219Z" }
wheels = [
    { url = "https://files.pythonhosted.org/packages/cb/b1/3846dd7f199d53cb17f49cba7e651e9ce294d8497c8c150530ed11865bb8/iniconfig-2.3.0-py3-none-any.whl", hash = "sha256:f631c04d2c48c52b84d0d0549c99ff3859c98df65b3101406327ecc7d53fbf12", size = 7484, upload-time = "2025-10-18T21:55:41.639Z" },
]

[[package]]
name = "packaging"
version = "25.0"
source = { registry = "https://pypi.org/simple" }
sdist = { url = "https://files.pythonhosted.org/packages/a1/d4/1fc4078c65507b51b96ca8f8c3ba19e6a61c8253c72794544580a7b6c24d/packaging-25.0.tar.gz", hash = "sha256:d443872c98d677bf60f6a1f2f8c1cb748e8fe762d2bf9d3148b5599295b0fc4f", size = 165727, upload-time = "2025-04-19T11:48:59.673Z" }
wheels = [
    { url = "https://files.pythonhosted.org/packages/20/12/38679034af332785aac8774540895e234f4d07f7545804097de4b666afd8/packaging-25.0-py3-none-any.whl", hash = "sha256:29572ef2b1f17581046b3a2227d5c611fb25ec70ca1ba8554b24b0e69331a484", size = 66469, upload-time = "2025-04-19T11:48:57.875Z" },
]

[[package]]
name = "pluggy"
version = "1.6.0"
source = { registry = "https://pypi.org/simple" }
sdist = { url = "https://files.pythonhosted.org/packages/f9/e2/3e91f31a7d2b083fe6ef3fa267035b518369d9511ffab804f839851d2779/pluggy-1.6.0.tar.gz", hash = "sha256:7dcc130b76258d33b90f61b658791dede3486c3e6bfb003ee5c9bfb396dd22f3", size = 69412, upload-time = "2025-05-15T12:30:07.975Z" }
wheels = [
    { url = "https://files.pythonhosted.org/packages/54/20/4d324d65cc6d9205fabedc306948156824eb9f0ee1633355a8f7ec5c66bf/pluggy-1.6.0-py3-none-any.whl", hash = "sha256:e920276dd6813095e9377c0bc5566d94c932c33b27a3e3945d8389c374dd4746", size = 20538, upload-time = "2025-05-15T12:30:06.134Z" },
]

[[package]]
name = "postkit"
version = "0.1.0"
source = { editable = "." }
dependencies = [
    { name = "psycopg" },
]

[package.optional-dependencies]
binary = [
    { name = "psycopg", extra = ["binary"] },
]
dev = [
    { name = "psycopg", extra = ["binary"] },
    { name = "pytest" },
]

[package.metadata]
requires-dist = [
    { name = "psycopg", specifier = ">=3.1.0" },
    { name = "psycopg", extras = ["binary"], marker = "extra == 'binary'", specifier = ">=3.1.0" },
    { name = "psycopg", extras = ["binary"], marker = "extra == 'dev'", specifier = ">=3.1.0" },
    { name = "pytest", marker = "extra == 'dev'", specifier = ">=7.0" },
]
provides-extras = ["binary", "dev"]

[[package]]
name = "psycopg"
version = "3.3.2"
source = { registry = "https://pypi.org/simple" }
dependencies = [
    { name = "typing-extensions", marker = "python_full_version < '3.13'" },
    { name = "tzdata", marker = "sys_platform == 'win32'" },
]
sdist = { url = "https://files.pythonhosted.org/packages/e0/1a/7d9ef4fdc13ef7f15b934c393edc97a35c281bb7d3c3329fbfcbe915a7c2/psycopg-3.3.2.tar.gz", hash = "sha256:707a67975ee214d200511177a6a80e56e654754c9afca06a7194ea6bbfde9ca7", size = 165630, upload-time = "2025-12-06T17:34:53.899Z" }
wheels = [
    { url = "https://files.pythonhosted.org/packages/8c/51/2779ccdf9305981a06b21a6b27e8547c948d85c41c76ff434192784a4c93/psycopg-3.3.2-py3-none-any.whl", hash = "sha256:3e94bc5f4690247d734599af56e51bae8e0db8e4311ea413f801fef82b14a99b", size = 212774, upload-time = "2025-12-06T17:31:41.414Z" },
]

[package.optional-dependencies]
binary = [
    { name = "psycopg-binary", marker = "implementation_name != 'pypy'" },
]

[[package]]
name = "psycopg-binary"
version = "3.3.2"
source = { registry = "https://pypi.org/simple" }
wheels = [
    { url = "https://files.pythonhosted.org/packages/25/d7/edfb0d9e56081246fd88490f99b1bafebd3588480cca601a4de0c41a3e08/psycopg_binary-3.3.2-cp310-cp310-macosx_10_9_x86_64.whl", hash = "sha256:0768c5f32934bb52a5df098317eca9bdcf411de627c5dca2ee57662b64b54b41", size = 4597785, upload-time = "2025-12-06T17:31:44.867Z" },
    { url = "https://files.pythonhosted.org/packages/71/45/8458201d9573dd851263a05cefddd4bfd31e8b3c6434b3e38d62aea9f15a/psycopg_binary-3.3.2-cp310-cp310-macosx_11_0_arm64.whl", hash = "sha256:09b3014013f05cd89828640d3a1db5f829cc24ad8fa81b6e42b2c04685a0c9d4", size = 4664440, upload-time = "2025-12-06T17:31:49.1Z" },
    { url = "https://files.pythonhosted.org/packages/d1/33/484260d87456cfe88dc219c1919026f11949b9d1de8a6371ddbe027d4d60/psycopg_binary-3.3.2-cp310-cp310-manylinux2014_ppc64le.manylinux_2_17_ppc64le.whl", hash = "sha256:3789d452a9d17a841c7f4f97bbcba51a21f957ea35641a4c98507520e6b6a068", size = 5478355, upload-time = "2025-12-06T17:31:52.657Z" },
    { url = "https://files.pythonhosted.org/packages/34/b2/18c91630c30c83f534c2bfa75fb533293fc9c3ab31bb7f2bf1cd9579c53b/psycopg_binary-3.3.2-cp310-cp310-manylinux2014_x86_64.manylinux_2_17_x86_64.whl", hash = "sha256:44e89938d36acc4495735af70a886d206a5bfdc80258f95b69b52f68b2968d9e", size = 5152398, upload-time = "2025-12-06T17:31:56.092Z" },
    { url = "https://files.pythonhosted.org/packages/c0/14/7c705e1934107196d9dca2040cf34bce2ca26de62520e43073d2673052d4/psycopg_binary-3.3.2-cp310-cp310-manylinux_2_27_aarch64.manylinux_2_28_aarch64.whl", hash = "sha256:90ed9da805e52985b0202aed4f352842c907c6b4fc6c7c109c6e646c32e2f43b", size = 6748982, upload-time = "2025-12-06T17:32:00.611Z" },
    { url = "https://files.pythonhosted.org/packages/56/18/80197c47798926f79e563af02a71d1abecab88cf45ddf8dc960700598da7/psycopg_binary-3.3.2-cp310-cp310-manylinux_2_38_riscv64.manylinux_2_39_riscv64.whl", hash = "sha256:c3a9ccdfee4ae59cf9bf1822777e763bc097ed208f4901e21537fca1070e1391", size = 4991214, upload-time = "2025-12-06T17:32:03.897Z" },
    { url = "https://files.pythonhosted.org/packages/7e/2e/e88e2f678f5d1a968d87e57b30915061c1157e916b8aaa9b0b78bca95e25/psycopg_binary-3.3.2-cp310-cp310-musllinux_1_2_aarch64.whl", hash = "sha256:de9173f8cc0efd88ac2a89b3b6c287a9a0011cdc2f53b2a12c28d6fd55f9f81c", size = 4517421, upload-time = "2025-12-06T17:32:07.287Z" },
    { url = "https://files.pythonhosted.org/packages/80/9e/d56813b24370723bcd62bf73871aee4d5fca0536f3476c4c4d5b037e3c7f/psycopg_binary-3.3.2-cp310-cp310-musllinux_1_2_ppc64le.whl", hash = "sha256:0611f4822674f3269e507a307236efb62ae5a828fcfc923ac85fe22ca19fd7c8", size = 4206124, upload-time = "2025-12-06T17:32:10.374Z" },
    { url = "https://files.pythonhosted.org/packages/91/81/5a11a898969edf0ee43d0613a6dfd689a0aa12d418c69e148a8ff153fbc7/psycopg_binary-3.3.2-cp310-cp310-musllinux_1_2_riscv64.whl", hash = "sha256:522b79c7db547767ca923e441c19b97a2157f2f494272a119c854bba4804e186", size = 3937067, upload-time = "2025-12-06T17:32:13.852Z" },
    { url = "https://files.pythonhosted.org/packages/a1/33/a6180ff1e747a0395876d985e8e295c9d7cbe956a2d66f165e7c67cffe55/psycopg_binary-3.3.2-cp310-cp310-musllinux_1_2_x86_64.whl", hash = "sha256:1ea41c0229f3f5a3844ad0857a83a9f869aa7b840448fa0c200e6bcf85d33d19", size = 4243731, upload-time = "2025-12-06T17:32:16.803Z" },
    { url = "https://files.pythonhosted.org/packages/e9/5b/9c1b6fbc900d5b525946ed9a477865c5016a5306080c0557248bb04f1a5b/psycopg_binary-3.3.2-cp310-cp310-win_amd64.whl", hash = "sha256:8ea05b499278790a8fa0ff9854ab0de2542aca02d661ddff94e830df971ff640", size = 3546403, upload-time = "2025-12-06T17:32:19.621Z" },
    { url = "https://files.pythonhosted.org/packages/57/d9/49640360fc090d27afc4655021544aa71d5393ebae124ffa53a04474b493/psycopg_binary-3.3.2-cp311-cp311-macosx_10_9_x86_64.whl", hash = "sha256:94503b79f7da0b65c80d0dbb2f81dd78b300319ec2435d5e6dcf9622160bc2fa", size = 4597890, upload-time = "2025-12-06T17:32:23.087Z" },
    { url = "https://files.pythonhosted.org/packages/85/cf/99634bbccc8af0dd86df4bce705eea5540d06bb7f5ab3067446ae9ffdae4/psycopg_binary-3.3.2-cp311-cp311-macosx_11_0_arm64.whl", hash = "sha256:07a5f030e0902ec3e27d0506ceb01238c0aecbc73ecd7fa0ee55f86134600b5b", size = 4664396, upload-time = "2025-12-06T17:32:26.421Z" },
    { url = "https://files.pythonhosted.org/packages/40/db/6035dff6d5c6dfca3a4ab0d2ac62ede623646e327e9f99e21e0cf08976c6/psycopg_binary-3.3.2-cp311-cp311-manylinux2014_ppc64le.manylinux_2_17_ppc64le.whl", hash = "sha256:1e09d0d93d35c134704a2cb2b15f81ffc8174fd602f3e08f7b1a3d8896156cf0", size = 5478743, upload-time = "2025-12-06T17:32:29.901Z" },
    { url = "https://files.pythonhosted.org/packages/03/0f/fc06bbc8e87f09458d2ce04a59cd90565e54e8efca33e0802daee6d2b0e6/psycopg_binary-3.3.2-cp311-cp311-manylinux2014_x86_64.manylinux_2_17_x86_64.whl", hash = "sha256:649c1d33bedda431e0c1df646985fbbeb9274afa964e1aef4be053c0f23a2924", size = 5151820, upload-time = "2025-12-06T17:32:33.562Z" },
    { url = "https://files.pythonhosted.org/packages/86/ab/bcc0397c96a0ad29463e33ed03285826e0fabc43595c195f419d9291ee70/psycopg_binary-3.3.2-cp311-cp311-manylinux_2_27_aarch64.manylinux_2_28_aarch64.whl", hash = "sha256:c5774272f754605059521ff037a86e680342e3847498b0aa86b0f3560c70963c", size = 6747711, upload-time = "2025-12-06T17:32:38.074Z" },
    { url = "https://files.pythonhosted.org/packages/96/eb/7450bc75c31d5be5f7a6d02d26beef6989a4ca6f5efdec65eea6cf612d0e/psycopg_binary-3.3.2-cp311-cp311-manylinux_2_38_riscv64.manylinux_2_39_riscv64.whl", hash = "sha256:d391b70c9cc23f6e1142729772a011f364199d2c5ddc0d596f5f43316fbf982d", size = 4991626, upload-time = "2025-12-06T17:32:41.373Z" },
    { url = "https://files.pythonhosted.org/packages/dc/85/65f14453804c82a7fba31cd1a984b90349c0f327b809102c4b99115c0930/psycopg_binary-3.3.2-cp311-cp311-musllinux_1_2_aarch64.whl", hash = "sha256:f3f601f32244a677c7b029ec39412db2772ad04a28bc2cbb4b1f0931ed0ffad7", size = 4516760, upload-time = "2025-12-06T17:32:44.921Z" },
    { url = "https://files.pythonhosted.org/packages/24/8c/3105f00a91d73d9a443932f95156eae8159d5d9cb68a9d2cf512710d484f/psycopg_binary-3.3.2-cp311-cp311-musllinux_1_2_ppc64le.whl", hash = "sha256:0ae60e910531cfcc364a8f615a7941cac89efeb3f0fffe0c4824a6d11461eef7", size = 4204028, upload-time = "2025-12-06T17:32:48.355Z" },
    { url = "https://files.pythonhosted.org/packages/1e/dd/74f64a383342ef7c22d1eb2768ed86411c7f877ed2580cd33c17f436fe3c/psycopg_binary-3.3.2-cp311-cp311-musllinux_1_2_riscv64.whl", hash = "sha256:7c43a773dd1a481dbb2fe64576aa303d80f328cce0eae5e3e4894947c41d1da7", size = 3935780, upload-time = "2025-12-06T17:32:51.347Z" },
    { url = "https://files.pythonhosted.org/packages/85/30/f3f207d1c292949a26cdea6727c9c325b4ee41e04bf2736a4afbe45eb61f/psycopg_binary-3.3.2-cp311-cp311-musllinux_1_2_x86_64.whl", hash = "sha256:5a327327f1188b3fbecac41bf1973a60b86b2eb237db10dc945bd3dc97ec39e4", size = 4243239, upload-time = "2025-12-06T17:32:54.924Z" },
    { url = "https://files.pythonhosted.org/packages/b3/08/8f1b5d6231338bf7bc46f635c4d4965facec52e1c9a7952ca8a70cb57dc0/psycopg_binary-3.3.2-cp311-cp311-win_amd64.whl", hash = "sha256:136c43f185244893a527540307167f5d3ef4e08786508afe45d6f146228f5aa9", size = 3548102, upload-time = "2025-12-06T17:32:57.944Z" },
    { url = "https://files.pythonhosted.org/packages/4e/1e/8614b01c549dd7e385dacdcd83fe194f6b3acb255a53cc67154ee6bf00e7/psycopg_binary-3.3.2-cp312-cp312-macosx_10_13_x86_64.whl", hash = "sha256:a9387ab615f929e71ef0f4a8a51e986fa06236ccfa9f3ec98a88f60fbf230634", size = 4579832, upload-time = "2025-12-06T17:33:01.388Z" },
    { url = "https://files.pythonhosted.org/packages/26/97/0bb093570fae2f4454d42c1ae6000f15934391867402f680254e4a7def54/psycopg_binary-3.3.2-cp312-cp312-macosx_11_0_arm64.whl", hash = "sha256:3ff7489df5e06c12d1829544eaec64970fe27fe300f7cf04c8495fe682064688", size = 4658786, upload-time = "2025-12-06T17:33:05.022Z" },
    { url = "https://files.pythonhosted.org/packages/61/20/1d9383e3f2038826900a14137b0647d755f67551aab316e1021443105ed5/psycopg_binary-3.3.2-cp312-cp312-manylinux2014_ppc64le.manylinux_2_17_ppc64le.whl", hash = "sha256:9742580ecc8e1ac45164e98d32ca6df90da509c2d3ff26be245d94c430f92db4", size = 5454896, upload-time = "2025-12-06T17:33:09.023Z" },
    { url = "https://files.pythonhosted.org/packages/a6/62/513c80ad8bbb545e364f7737bf2492d34a4c05eef4f7b5c16428dc42260d/psycopg_binary-3.3.2-cp312-cp312-manylinux2014_x86_64.manylinux_2_17_x86_64.whl", hash = "sha256:d45acedcaa58619355f18e0f42af542fcad3fd84ace4b8355d3a5dea23318578", size = 5132731, upload-time = "2025-12-06T17:33:12.519Z" },
    { url = "https://files.pythonhosted.org/packages/f3/28/ddf5f5905f088024bccb19857949467407c693389a14feb527d6171d8215/psycopg_binary-3.3.2-cp312-cp312-manylinux_2_27_aarch64.manylinux_2_28_aarch64.whl", hash = "sha256:d88f32ff8c47cb7f4e7e7a9d1747dcee6f3baa19ed9afa9e5694fd2fb32b61ed", size = 6724495, upload-time = "2025-12-06T17:33:16.624Z" },
    { url = "https://files.pythonhosted.org/packages/6e/93/a1157ebcc650960b264542b547f7914d87a42ff0cc15a7584b29d5807e6b/psycopg_binary-3.3.2-cp312-cp312-manylinux_2_38_riscv64.manylinux_2_39_riscv64.whl", hash = "sha256:59d0163c4617a2c577cb34afbed93d7a45b8c8364e54b2bd2020ff25d5f5f860", size = 4964979, upload-time = "2025-12-06T17:33:20.179Z" },
    { url = "https://files.pythonhosted.org/packages/0e/27/65939ba6798f9c5be4a5d9cd2061ebaf0851798525c6811d347821c8132d/psycopg_binary-3.3.2-cp312-cp312-musllinux_1_2_aarch64.whl", hash = "sha256:e750afe74e6c17b2c7046d2c3e3173b5a3f6080084671c8aa327215323df155b", size = 4493648, upload-time = "2025-12-06T17:33:23.464Z" },
    { url = "https://files.pythonhosted.org/packages/8a/c4/5e9e4b9b1c1e27026e43387b0ba4aaf3537c7806465dd3f1d5bde631752a/psycopg_binary-3.3.2-cp312-cp312-musllinux_1_2_ppc64le.whl", hash = "sha256:f26f113013c4dcfbfe9ced57b5bad2035dda1a7349f64bf726021968f9bccad3", size = 4173392, upload-time = "2025-12-06T17:33:26.88Z" },
    { url = "https://files.pythonhosted.org/packages/c6/81/cf43fb76993190cee9af1cbcfe28afb47b1928bdf45a252001017e5af26e/psycopg_binary-3.3.2-cp312-cp312-musllinux_1_2_riscv64.whl", hash = "sha256:8309ee4569dced5e81df5aa2dcd48c7340c8dee603a66430f042dfbd2878edca", size = 3909241, upload-time = "2025-12-06T17:33:30.092Z" },
    { url = "https://files.pythonhosted.org/packages/9d/20/c6377a0d17434674351627489deca493ea0b137c522b99c81d3a106372c8/psycopg_binary-3.3.2-cp312-cp312-musllinux_1_2_x86_64.whl", hash = "sha256:c6464150e25b68ae3cb04c4e57496ea11ebfaae4d98126aea2f4702dd43e3c12", size = 4219746, upload-time = "2025-12-06T17:33:33.097Z" },
    { url = "https://files.pythonhosted.org/packages/25/32/716c57b28eefe02a57a4c9d5bf956849597f5ea476c7010397199e56cfde/psycopg_binary-3.3.2-cp312-cp312-win_amd64.whl", hash = "sha256:716a586f99bbe4f710dc58b40069fcb33c7627e95cc6fc936f73c9235e07f9cf", size = 3537494, upload-time = "2025-12-06T17:33:35.82Z" },
    { url = "https://files.pythonhosted.org/packages/14/73/7ca7cb22b9ac7393fb5de7d28ca97e8347c375c8498b3bff2c99c1f38038/psycopg_binary-3.3.2-cp313-cp313-macosx_10_13_x86_64.whl", hash = "sha256:fc5a189e89cbfff174588665bb18d28d2d0428366cc9dae5864afcaa2e57380b", size = 4579068, upload-time = "2025-12-06T17:33:39.303Z" },
    { url = "https://files.pythonhosted.org/packages/f5/42/0cf38ff6c62c792fc5b55398a853a77663210ebd51ed6f0c4a05b06f95a6/psycopg_binary-3.3.2-cp313-cp313-macosx_11_0_arm64.whl", hash = "sha256:083c2e182be433f290dc2c516fd72b9b47054fcd305cce791e0a50d9e93e06f2", size = 4657520, upload-time = "2025-12-06T17:33:42.536Z" },
    { url = "https://files.pythonhosted.org/packages/3b/60/df846bc84cbf2231e01b0fff48b09841fe486fa177665e50f4995b1bfa44/psycopg_binary-3.3.2-cp313-cp313-manylinux2014_ppc64le.manylinux_2_17_ppc64le.whl", hash = "sha256:ac230e3643d1c436a2dfb59ca84357dfc6862c9f372fc5dbd96bafecae581f9f", size = 5452086, upload-time = "2025-12-06T17:33:46.54Z" },
    { url = "https://files.pythonhosted.org/packages/ab/85/30c846a00db86b1b53fd5bfd4b4edfbd0c00de8f2c75dd105610bd7568fc/psycopg_binary-3.3.2-cp313-cp313-manylinux2014_x86_64.manylinux_2_17_x86_64.whl", hash = "sha256:d8c899a540f6c7585cee53cddc929dd4d2db90fd828e37f5d4017b63acbc1a5d", size = 5131125, upload-time = "2025-12-06T17:33:50.413Z" },
    { url = "https://files.pythonhosted.org/packages/6d/15/9968732013373f36f8a2a3fb76104dffc8efd9db78709caa5ae1a87b1f80/psycopg_binary-3.3.2-cp313-cp313-manylinux_2_27_aarch64.manylinux_2_28_aarch64.whl", hash = "sha256:50ff10ab8c0abdb5a5451b9315538865b50ba64c907742a1385fdf5f5772b73e", size = 6722914, upload-time = "2025-12-06T17:33:54.544Z" },
    { url = "https://files.pythonhosted.org/packages/b2/ba/29e361fe02143ac5ff5a1ca3e45697344cfbebe2eaf8c4e7eec164bff9a0/psycopg_binary-3.3.2-cp313-cp313-manylinux_2_38_riscv64.manylinux_2_39_riscv64.whl", hash = "sha256:23d2594af848c1fd3d874a9364bef50730124e72df7bb145a20cb45e728c50ed", size = 4966081, upload-time = "2025-12-06T17:33:58.477Z" },
    { url = "https://files.pythonhosted.org/packages/99/45/1be90c8f1a1a237046903e91202fb06708745c179f220b361d6333ed7641/psycopg_binary-3.3.2-cp313-cp313-musllinux_1_2_aarch64.whl", hash = "sha256:ea4fe6b4ead3bbbe27244ea224fcd1f53cb119afc38b71a2f3ce570149a03e30", size = 4493332, upload-time = "2025-12-06T17:34:02.011Z" },
    { url = "https://files.pythonhosted.org/packages/2e/b5/bbdc07d5f0a5e90c617abd624368182aa131485e18038b2c6c85fc054aed/psycopg_binary-3.3.2-cp313-cp313-musllinux_1_2_ppc64le.whl", hash = "sha256:742ce48cde825b8e52fb1a658253d6d1ff66d152081cbc76aa45e2986534858d", size = 4170781, upload-time = "2025-12-06T17:34:05.298Z" },
    { url = "https://files.pythonhosted.org/packages/d1/2a/0d45e4f4da2bd78c3237ffa03475ef3751f69a81919c54a6e610eb1a7c96/psycopg_binary-3.3.2-cp313-cp313-musllinux_1_2_riscv64.whl", hash = "sha256:e22bf6b54df994aff37ab52695d635f1ef73155e781eee1f5fa75bc08b58c8da", size = 3910544, upload-time = "2025-12-06T17:34:08.251Z" },
    { url = "https://files.pythonhosted.org/packages/3a/62/a8e0f092f4dbef9a94b032fb71e214cf0a375010692fbe7493a766339e47/psycopg_binary-3.3.2-cp313-cp313-musllinux_1_2_x86_64.whl", hash = "sha256:8db9034cde3bcdafc66980f0130813f5c5d19e74b3f2a19fb3cfbc25ad113121", size = 4220070, upload-time = "2025-12-06T17:34:11.392Z" },
    { url = "https://files.pythonhosted.org/packages/09/e6/5fc8d8aff8afa114bb4a94a0341b9309311e8bf3ab32d816032f8b984d4e/psycopg_binary-3.3.2-cp313-cp313-win_amd64.whl", hash = "sha256:df65174c7cf6b05ea273ce955927d3270b3a6e27b0b12762b009ce6082b8d3fc", size = 3540922, upload-time = "2025-12-06T17:34:14.88Z" },
    { url = "https://files.pythonhosted.org/packages/bd/75/ad18c0b97b852aba286d06befb398cc6d383e9dfd0a518369af275a5a526/psycopg_binary-3.3.2-cp314-cp314-macosx_10_15_x86_64.whl", hash = "sha256:9ca24062cd9b2270e4d77576042e9cc2b1d543f09da5aba1f1a3d016cea28390", size = 4596371, upload-time = "2025-12-06T17:34:18.007Z" },
    { url = "https://files.pythonhosted.org/packages/5a/79/91649d94c8d89f84af5da7c9d474bfba35b08eb8f492ca3422b08f0a6427/psycopg_binary-3.3.2-cp314-cp314-macosx_11_0_arm64.whl", hash = "sha256:c749770da0947bc972e512f35366dd4950c0e34afad89e60b9787a37e97cb443", size = 4675139, upload-time = "2025-12-06T17:34:21.374Z" },
    { url = "https://files.pythonhosted.org/packages/56/ac/b26e004880f054549ec9396594e1ffe435810b0673e428e619ed722e4244/psycopg_binary-3.3.2-cp314-cp314-manylinux2014_ppc64le.manylinux_2_17_ppc64le.whl", hash = "sha256:03b7cd73fb8c45d272a34ae7249713e32492891492681e3cf11dff9531cf37e9", size = 5456120, upload-time = "2025-12-06T17:34:25.102Z" },
    { url = "https://files.pythonhosted.org/packages/4b/8d/410681dccd6f2999fb115cc248521ec50dd2b0aba66ae8de7e81efdebbee/psycopg_binary-3.3.2-cp314-cp314-manylinux2014_x86_64.manylinux_2_17_x86_64.whl", hash = "sha256:43b130e3b6edcb5ee856c7167ccb8561b473308c870ed83978ae478613764f1c", size = 5133484, upload-time = "2025-12-06T17:34:28.933Z" },
    { url = "https://files.pythonhosted.org/packages/66/30/ebbab99ea2cfa099d7b11b742ce13415d44f800555bfa4ad2911dc645b71/psycopg_binary-3.3.2-cp314-cp314-manylinux_2_27_aarch64.manylinux_2_28_aarch64.whl", hash = "sha256:7c1feba5a8c617922321aef945865334e468337b8fc5c73074f5e63143013b5a", size = 6731818, upload-time = "2025-12-06T17:34:33.094Z" },
    { url = "https://files.pythonhosted.org/packages/70/02/d260646253b7ad805d60e0de47f9b811d6544078452579466a098598b6f4/psycopg_binary-3.3.2-cp314-cp314-manylinux_2_38_riscv64.manylinux_2_39_riscv64.whl", hash = "sha256:cabb2a554d9a0a6bf84037d86ca91782f087dfff2a61298d0b00c19c0bc43f6d", size = 4983859, upload-time = "2025-12-06T17:34:36.457Z" },
    { url = "https://files.pythonhosted.org/packages/72/8d/e778d7bad1a7910aa36281f092bd85c5702f508fd9bb0ea2020ffbb6585c/psycopg_binary-3.3.2-cp314-cp314-musllinux_1_2_aarch64.whl", hash = "sha256:74bc306c4b4df35b09bc8cecf806b271e1c5d708f7900145e4e54a2e5dedfed0", size = 4516388, upload-time = "2025-12-06T17:34:40.129Z" },
    { url = "https://files.pythonhosted.org/packages/bd/f1/64e82098722e2ab3521797584caf515284be09c1e08a872551b6edbb0074/psycopg_binary-3.3.2-cp314-cp314-musllinux_1_2_ppc64le.whl", hash = "sha256:d79b0093f0fbf7a962d6a46ae292dc056c65d16a8ee9361f3cfbafd4c197ab14", size = 4192382, upload-time = "2025-12-06T17:34:43.279Z" },
    { url = "https://files.pythonhosted.org/packages/fa/d0/c20f4e668e89494972e551c31be2a0016e3f50d552d7ae9ac07086407599/psycopg_binary-3.3.2-cp314-cp314-musllinux_1_2_riscv64.whl", hash = "sha256:1586e220be05547c77afc326741dd41cc7fba38a81f9931f616ae98865439678", size = 3928660, upload-time = "2025-12-06T17:34:46.757Z" },
    { url = "https://files.pythonhosted.org/packages/0f/e1/99746c171de22539fd5eb1c9ca21dc805b54cfae502d7451d237d1dbc349/psycopg_binary-3.3.2-cp314-cp314-musllinux_1_2_x86_64.whl", hash = "sha256:458696a5fa5dad5b6fb5d5862c22454434ce4fe1cf66ca6c0de5f904cbc1ae3e", size = 4239169, upload-time = "2025-12-06T17:34:49.751Z" },
    { url = "https://files.pythonhosted.org/packages/72/f7/212343c1c9cfac35fd943c527af85e9091d633176e2a407a0797856ff7b9/psycopg_binary-3.3.2-cp314-cp314-win_amd64.whl", hash = "sha256:04bb2de4ba69d6f8395b446ede795e8884c040ec71d01dd07ac2b2d18d4153d1", size = 3642122, upload-time = "2025-12-06T17:34:52.506Z" },
]

[[package]]
name = "pygments"
version = "2.19.2"
source = { registry = "https://pypi.org/simple" }
sdist = { url = "https://files.pythonhosted.org/packages/b0/77/a5b8c569bf593b0140bde72ea885a803b82086995367bf2037de0159d924/pygments-2.19.2.tar.gz", hash = "sha256:636cb2477cec7f8952536970bc533bc43743542f70392ae026374600add5b887", size = 4968631, upload-time = "2025-06-21T13:39:12.283Z" }
wheels = [
    { url = "https://files.pythonhosted.org/packages/c7/21/705964c7812476f378728bdf590ca4b771ec72385c533964653c68e86bdc/pygments-2.19.2-py3-none-any.whl", hash = "sha256:86540386c03d588bb81d44bc3928634ff26449851e99741617ecb9037ee5ec0b", size = 1225217, upload-time = "2025-06-21T13:39:07.939Z" },
]

[[package]]
name = "pytest"
version = "9.0.2"
source = { registry = "https://pypi.org/simple" }
dependencies = [
    { name = "colorama", marker = "sys_platform == 'win32'" },
    { name = "exceptiongroup", marker = "python_full_version < '3.11'" },
    { name = "iniconfig" },
    { name = "packaging" },
    { name = "pluggy" },
    { name = "pygments" },
    { name = "tomli", marker = "python_full_version < '3.11'" },
]
sdist = { url = "https://files.pythonhosted.org/packages/d1/db/7ef3487e0fb0049ddb5ce41d3a49c235bf9ad299b6a25d5780a89f19230f/pytest-9.0.2.tar.gz", hash = "sha256:75186651a92bd89611d1d9fc20f0b4345fd827c41ccd5c299a868a05d70edf11", size = 1568901, upload-time = "2025-12-06T21:30:51.014Z" }
wheels = [
    { url = "https://files.pythonhosted.org/packages/3b/ab/b3226f0bd7cdcf710fbede2b3548584366da3b19b5021e74f5bde2a8fa3f/pytest-9.0.2-py3-none-any.whl", hash = "sha256:711ffd45bf766d5264d487b917733b453d917afd2b0ad65223959f59089f875b", size = 374801, upload-time = "2025-12-06T21:30:49.154Z" },
]

[[package]]
name = "tomli"
version = "2.3.0"
source = { registry = "https://pypi.org/simple" }
sdist = { url = "https://files.pythonhosted.org/packages/52/ed/3f73f72945444548f33eba9a87fc7a6e969915e7b1acc8260b30e1f76a2f/tomli-2.3.0.tar.gz", hash = "sha256:64be704a875d2a59753d80ee8a533c3fe183e3f06807ff7dc2232938ccb01549", size = 17392, upload-time = "2025-10-08T22:01:47.119Z" }
wheels = [
    { url = "https://files.pythonhosted.org/packages/b3/2e/299f62b401438d5fe1624119c723f5d877acc86a4c2492da405626665f12/tomli-2.3.0-cp311-cp311-macosx_10_9_x86_64.whl", hash = "sha256:88bd15eb972f3664f5ed4b57c1634a97153b4bac4479dcb6a495f41921eb7f45", size = 153236, upload-time = "2025-10-08T22:01:00.137Z" },
    { url = "https://files.pythonhosted.org/packages/86/7f/d8fffe6a7aefdb61bced88fcb5e280cfd71e08939da5894161bd71bea022/tomli-2.3.0-cp311-cp311-macosx_11_0_arm64.whl", hash = "sha256:883b1c0d6398a6a9d29b508c331fa56adbcdff647f6ace4dfca0f50e90dfd0ba", size = 148084, upload-time = "2025-10-08T22:01:01.63Z" },
    { url = "https://files.pythonhosted.org/packages/47/5c/24935fb6a2ee63e86d80e4d3b58b222dafaf438c416752c8b58537c8b89a/tomli-2.3.0-cp311-cp311-manylinux2014_aarch64.manylinux_2_17_aarch64.manylinux_2_28_aarch64.whl", hash = "sha256:d1381caf13ab9f300e30dd8feadb3de072aeb86f1d34a8569453ff32a7dea4bf", size = 234832, upload-time = "2025-10-08T22:01:02.543Z" },
    { url = "https://files.pythonhosted.org/packages/89/da/75dfd804fc11e6612846758a23f13271b76d577e299592b4371a4ca4cd09/tomli-2.3.0-cp311-cp311-manylinux2014_x86_64.manylinux_2_17_x86_64.manylinux_2_28_x86_64.whl", hash = "sha256:a0e285d2649b78c0d9027570d4da3425bdb49830a6156121360b3f8511ea3441", size = 242052, upload-time = "2025-10-08T22:01:03.836Z" },
    { url = "https://files.pythonhosted.org/packages/70/8c/f48ac899f7b3ca7eb13af73bacbc93aec37f9c954df3c08ad96991c8c373/tomli-2.3.0-cp311-cp311-musllinux_1_2_aarch64.whl", hash = "sha256:0a154a9ae14bfcf5d8917a59b51ffd5a3ac1fd149b71b47a3a104ca4edcfa845", size = 239555, upload-time = "2025-10-08T22:01:04.834Z" },
    { url = "https://files.pythonhosted.org/packages/ba/28/72f8afd73f1d0e7829bfc093f4cb98ce0a40ffc0cc997009ee1ed94ba705/tomli-2.3.0-cp311-cp311-musllinux_1_2_x86_64.whl", hash = "sha256:74bf8464ff93e413514fefd2be591c3b0b23231a77f901db1eb30d6f712fc42c", size = 245128, upload-time = "2025-10-08T22:01:05.84Z" },
    { url = "https://files.pythonhosted.org/packages/b6/eb/a7679c8ac85208706d27436e8d421dfa39d4c914dcf5fa8083a9305f58d9/tomli-2.3.0-cp311-cp311-win32.whl", hash = "sha256:00b5f5d95bbfc7d12f91ad8c593a1659b6387b43f054104cda404be6bda62456", size = 96445, upload-time = "2025-10-08T22:01:06.896Z" },
    { url = "https://files.pythonhosted.org/packages/0a/fe/3d3420c4cb1ad9cb462fb52967080575f15898da97e21cb6f1361d505383/tomli-2.3.0-cp311-cp311-win_amd64.whl", hash = "sha256:4dc4ce8483a5d429ab602f111a93a6ab1ed425eae3122032db7e9acf449451be", size = 107165, upload-time = "2025-10-08T22:01:08.107Z" },
    { url = "https://files.pythonhosted.org/packages/ff/b7/40f36368fcabc518bb11c8f06379a0fd631985046c038aca08c6d6a43c6e/tomli-2.3.0-cp312-cp312-macosx_10_13_x86_64.whl", hash = "sha256:d7d86942e56ded512a594786a5ba0a5e521d02529b3826e7761a05138341a2ac", size = 154891, upload-time = "2025-10-08T22:01:09.082Z" },
    { url = "https://files.pythonhosted.org/packages/f9/3f/d9dd692199e3b3aab2e4e4dd948abd0f790d9ded8cd10cbaae276a898434/tomli-2.3.0-cp312-cp312-macosx_11_0_arm64.whl", hash = "sha256:73ee0b47d4dad1c5e996e3cd33b8a76a50167ae5f96a2607cbe8cc773506ab22", size = 148796, upload-time = "2025-10-08T22:01:10.266Z" },
    { url = "https://files.pythonhosted.org/packages/60/83/59bff4996c2cf9f9387a0f5a3394629c7efa5ef16142076a23a90f1955fa/tomli-2.3.0-cp312-cp312-manylinux2014_aarch64.manylinux_2_17_aarch64.manylinux_2_28_aarch64.whl", hash = "sha256:792262b94d5d0a466afb5bc63c7daa9d75520110971ee269152083270998316f", size = 242121, upload-time = "2025-10-08T22:01:11.332Z" },
    { url = "https://files.pythonhosted.org/packages/45/e5/7c5119ff39de8693d6baab6c0b6dcb556d192c165596e9fc231ea1052041/tomli-2.3.0-cp312-cp312-manylinux2014_x86_64.manylinux_2_17_x86_64.manylinux_2_28_x86_64.whl", hash = "sha256:4f195fe57ecceac95a66a75ac24d9d5fbc98ef0962e09b2eddec5d39375aae52", size = 250070, upload-time = "2025-10-08T22:01:12.498Z" },
    { url = "https://files.pythonhosted.org/packages/45/12/ad5126d3a278f27e6701abde51d342aa78d06e27ce2bb596a01f7709a5a2/tomli-2.3.0-cp312-cp312-musllinux_1_2_aarch64.whl", hash = "sha256:e31d432427dcbf4d86958c184b9bfd1e96b5b71f8eb17e6d02531f434fd335b8", size = 245859, upload-time = "2025-10-08T22:01:13.551Z" },
    { url = "https://files.pythonhosted.org/packages/fb/a1/4d6865da6a71c603cfe6ad0e6556c73c76548557a8d658f9e3b142df245f/tomli-2.3.0-cp312-cp312-musllinux_1_2_x86_64.whl", hash = "sha256:7b0882799624980785240ab732537fcfc372601015c00f7fc367c55308c186f6", size = 250296, upload-time = "2025-10-08T22:01:14.614Z" },
    { url = "https://files.pythonhosted.org/packages/a0/b7/a7a7042715d55c9ba6e8b196d65d2cb662578b4d8cd17d882d45322b0d78/tomli-2.3.0-cp312-cp312-win32.whl", hash = "sha256:ff72b71b5d10d22ecb084d345fc26f42b5143c5533db5e2eaba7d2d335358876", size = 97124, upload-time = "2025-10-08T22:01:15.629Z" },
    { url = "https://files.pythonhosted.org/packages/06/1e/f22f100db15a68b520664eb3328fb0ae4e90530887928558112c8d1f4515/tomli-2.3.0-cp312-cp312-win_amd64.whl", hash = "sha256:1cb4ed918939151a03f33d4242ccd0aa5f11b3547d0cf30f7c74a408a5b99878", size = 107698, upload-time = "2025-10-08T22:01:16.51Z" },
    { url = "https://files.pythonhosted.org/packages/89/48/06ee6eabe4fdd9ecd48bf488f4ac783844fd777f547b8d1b61c11939974e/tomli-2.3.0-cp313-cp313-macosx_10_13_x86_64.whl", hash = "sha256:5192f562738228945d7b13d4930baffda67b69425a7f0da96d360b0a3888136b", size = 154819, upload-time = "2025-10-08T22:01:17.964Z" },
    { url = "https://files.pythonhosted.org/packages/f1/01/88793757d54d8937015c75dcdfb673c65471945f6be98e6a0410fba167ed/tomli-2.3.0-cp313-cp313-macosx_11_0_arm64.whl", hash = "sha256:be71c93a63d738597996be9528f4abe628d1adf5e6eb11607bc8fe1a510b5dae", size = 148766, upload-time = "2025-10-08T22:01:18.959Z" },
    { url = "https://files.pythonhosted.org/packages/42/17/5e2c956f0144b812e7e107f94f1cc54af734eb17b5191c0bbfb72de5e93e/tomli-2.3.0-cp313-cp313-manylinux2014_aarch64.manylinux_2_17_aarch64.manylinux_2_28_aarch64.whl", hash = "sha256:c4665508bcbac83a31ff8ab08f424b665200c0e1e645d2bd9ab3d3e557b6185b", size = 240771, upload-time = "2025-10-08T22:01:20.106Z" },
    { url = "https://files.pythonhosted.org/packages/d5/f4/0fbd014909748706c01d16824eadb0307115f9562a15cbb012cd9b3512c5/tomli-2.3.0-cp313-cp313-manylinux2014_x86_64.manylinux_2_17_x86_64.manylinux_2_28_x86_64.whl", hash = "sha256:4021923f97266babc6ccab9f5068642a0095faa0a51a246a6a02fccbb3514eaf", size = 248586, upload-time = "2025-10-08T22:01:21.164Z" },
    { url = "https://files.pythonhosted.org/packages/30/77/fed85e114bde5e81ecf9bc5da0cc69f2914b38f4708c80ae67d0c10180c5/tomli-2.3.0-cp313-cp313-musllinux_1_2_aarch64.whl", hash = "sha256:a4ea38c40145a357d513bffad0ed869f13c1773716cf71ccaa83b0fa0cc4e42f", size = 244792, upload-time = "2025-10-08T22:01:22.417Z" },
    { url = "https://files.pythonhosted.org/packages/55/92/afed3d497f7c186dc71e6ee6d4fcb0acfa5f7d0a1a2878f8beae379ae0cc/tomli-2.3.0-cp313-cp313-musllinux_1_2_x86_64.whl", hash = "sha256:ad805ea85eda330dbad64c7ea7a4556259665bdf9d2672f5dccc740eb9d3ca05", size = 248909, upload-time = "2025-10-08T22:01:23.859Z" },
    { url = "https://files.pythonhosted.org/packages/f8/84/ef50c51b5a9472e7265ce1ffc7f24cd4023d289e109f669bdb1553f6a7c2/tomli-2.3.0-cp313-cp313-win32.whl", hash = "sha256:97d5eec30149fd3294270e889b4234023f2c69747e555a27bd708828353ab606", size = 96946, upload-time = "2025-10-08T22:01:24.893Z" },
    { url = "https://files.pythonhosted.org/packages/b2/b7/718cd1da0884f281f95ccfa3a6cc572d30053cba64603f79d431d3c9b61b/tomli-2.3.0-cp313-cp313-win_amd64.whl", hash = "sha256:0c95ca56fbe89e065c6ead5b593ee64b84a26fca063b5d71a1122bf26e533999", size = 107705, upload-time = "2025-10-08T22:01:26.153Z" },
    { url = "https://files.pythonhosted.org/packages/19/94/aeafa14a52e16163008060506fcb6aa1949d13548d13752171a755c65611/tomli-2.3.0-cp314-cp314-macosx_10_13_x86_64.whl", hash = "sha256:cebc6fe843e0733ee827a282aca4999b596241195f43b4cc371d64fc6639da9e", size = 154244, upload-time = "2025-10-08T22:01:27.06Z" },
    { url = "https://files.pythonhosted.org/packages/db/e4/1e58409aa78eefa47ccd19779fc6f36787edbe7d4cd330eeeedb33a4515b/tomli-2.3.0-cp314-cp314-macosx_11_0_arm64.whl", hash = "sha256:4c2ef0244c75aba9355561272009d934953817c49f47d768070c3c94355c2aa3", size = 148637, upload-time = "2025-10-08T22:01:28.059Z" },
    { url = "https://files.pythonhosted.org/packages/26/b6/d1eccb62f665e44359226811064596dd6a366ea1f985839c566cd61525ae/tomli-2.3.0-cp314-cp314-manylinux2014_aarch64.manylinux_2_17_aarch64.manylinux_2_28_aarch64.whl", hash = "sha256:c22a8bf253bacc0cf11f35ad9808b6cb75ada2631c2d97c971122583b129afbc", size = 241925, upload-time = "2025-10-08T22:01:29.066Z" },
    { url = "https://files.pythonhosted.org/packages/70/91/7cdab9a03e6d3d2bb11beae108da5bdc1c34bdeb06e21163482544ddcc90/tomli-2.3.0-cp314-cp314-manylinux2014_x86_64.manylinux_2_17_x86_64.manylinux_2_28_x86_64.whl", hash = "sha256:0eea8cc5c5e9f89c9b90c4896a8deefc74f518db5927d0e0e8d4a80953d774d0", size = 249045, upload-time = "2025-10-08T22:01:31.98Z" },
    { url = "https://files.pythonhosted.org/packages/15/1b/8c26874ed1f6e4f1fcfeb868db8a794cbe9f227299402db58cfcc858766c/tomli-2.3.0-cp314-cp314-musllinux_1_2_aarch64.whl", hash = "sha256:b74a0e59ec5d15127acdabd75ea17726ac4c5178ae51b85bfe39c4f8a278e879", size = 245835, upload-time = "2025-10-08T22:01:32.989Z" },
    { url = "https://files.pythonhosted.org/packages/fd/42/8e3c6a9a4b1a1360c1a2a39f0b972cef2cc9ebd56025168c4137192a9321/tomli-2.3.0-cp314-cp314-musllinux_1_2_x86_64.whl", hash = "sha256:b5870b50c9db823c595983571d1296a6ff3e1b88f734a4c8f6fc6188397de005", size = 253109, upload-time = "2025-10-08T22:01:34.052Z" },
    { url = "https://files.pythonhosted.org/packages/22/0c/b4da635000a71b5f80130937eeac12e686eefb376b8dee113b4a582bba42/tomli-2.3.0-cp314-cp314-win32.whl", hash = "sha256:feb0dacc61170ed7ab602d3d972a58f14ee3ee60494292d384649a3dc38ef463", size = 97930, upload-time = "2025-10-08T22:01:35.082Z" },
    { url = "https://files.pythonhosted.org/packages/b9/74/cb1abc870a418ae99cd5c9547d6bce30701a954e0e721821df483ef7223c/tomli-2.3.0-cp314-cp314-win_amd64.whl", hash = "sha256:b273fcbd7fc64dc3600c098e39136522650c49bca95df2d11cf3b626422392c8", size = 107964, upload-time = "2025-10-08T22:01:36.057Z" },
    { url = "https://files.pythonhosted.org/packages/54/78/5c46fff6432a712af9f792944f4fcd7067d8823157949f4e40c56b8b3c83/tomli-2.3.0-cp314-cp314t-macosx_10_13_x86_64.whl", hash = "sha256:940d56ee0410fa17ee1f12b817b37a4d4e4dc4d27340863cc67236c74f582e77", size = 163065, upload-time = "2025-10-08T22:01:37.27Z" },
    { url = "https://files.pythonhosted.org/packages/39/67/f85d9bd23182f45eca8939cd2bc7050e1f90c41f4a2ecbbd5963a1d1c486/tomli-2.3.0-cp314-cp314t-macosx_11_0_arm64.whl", hash = "sha256:f85209946d1fe94416debbb88d00eb92ce9cd5266775424ff81bc959e001acaf", size = 159088, upload-time = "2025-10-08T22:01:38.235Z" },
    { url = "https://files.pythonhosted.org/packages/26/5a/4b546a0405b9cc0659b399f12b6adb750757baf04250b148d3c5059fc4eb/tomli-2.3.0-cp314-cp314t-manylinux2014_aarch64.manylinux_2_17_aarch64.manylinux_2_28_aarch64.whl", hash = "sha256:a56212bdcce682e56b0aaf79e869ba5d15a6163f88d5451cbde388d48b13f530", size = 268193, upload-time = "2025-10-08T22:01:39.712Z" },
    { url = "https://files.pythonhosted.org/packages/42/4f/2c12a72ae22cf7b59a7fe75b3465b7aba40ea9145d026ba41cb382075b0e/tomli-2.3.0-cp314-cp314t-manylinux2014_x86_64.manylinux_2_17_x86_64.manylinux_2_28_x86_64.whl", hash = "sha256:c5f3ffd1e098dfc032d4d3af5c0ac64f6d286d98bc148698356847b80fa4de1b", size = 275488, upload-time = "2025-10-08T22:01:40.773Z" },
    { url = "https://files.pythonhosted.org/packages/92/04/a038d65dbe160c3aa5a624e93ad98111090f6804027d474ba9c37c8ae186/tomli-2.3.0-cp314-cp314t-musllinux_1_2_aarch64.whl", hash = "sha256:5e01decd096b1530d97d5d85cb4dff4af2d8347bd35686654a004f8dea20fc67", size = 272669, upload-time = "2025-10-08T22:01:41.824Z" },
    { url = "https://files.pythonhosted.org/packages/be/2f/8b7c60a9d1612a7cbc39ffcca4f21a73bf368a80fc25bccf8253e2563267/tomli-2.3.0-cp314-cp314t-musllinux_1_2_x86_64.whl", hash = "sha256:8a35dd0e643bb2610f156cca8db95d213a90015c11fee76c946aa62b7ae7e02f", size = 279709, upload-time = "2025-10-08T22:01:43.177Z" },
    { url = "https://files.pythonhosted.org/packages/7e/46/cc36c679f09f27ded940281c38607716c86cf8ba4a518d524e349c8b4874/tomli-2.3.0-cp314-cp314t-win32.whl", hash = "sha256:a1f7f282fe248311650081faafa5f4732bdbfef5d45fe3f2e702fbc6f2d496e0", size = 107563, upload-time = "2025-10-08T22:01:44.233Z" },
    { url = "https://files.pythonhosted.org/packages/84/ff/426ca8683cf7b753614480484f6437f568fd2fda2edbdf57a2d3d8b27a0b/tomli-2.3.0-cp314-cp314t-win_amd64.whl", hash = "sha256:70a251f8d4ba2d9ac2542eecf008b3c8a9fc5c3f9f02c56a9d7952612be2fdba", size = 119756, upload-time = "2025-10-08T22:01:45.234Z" },
    { url = "https://files.pythonhosted.org/packages/77/b8/0135fadc89e73be292b473cb820b4f5a08197779206b33191e801feeae40/tomli-2.3.0-py3-none-any.whl", hash = "sha256:e95b1af3c5b07d9e643909b5abbec77cd9f1217e6d0bca72b0234736b9fb1f1b", size = 14408, upload-time = "2025-10-08T22:01:46.04Z" },
]

[[package]]
name = "typing-extensions"
version = "4.15.0"
source = { registry = "https://pypi.org/simple" }
sdist = { url = "https://files.pythonhosted.org/packages/72/94/1a15dd82efb362ac84269196e94cf00f187f7ed21c242792a923cdb1c61f/typing_extensions-4.15.0.tar.gz", hash = "sha256:0cea48d173cc12fa28ecabc3b837ea3cf6f38c6d1136f85cbaaf598984861466", size = 109391, upload-time = "2025-08-25T13:49:26.313Z" }
wheels = [
    { url = "https://files.pythonhosted.org/packages/18/67/36e9267722cc04a6b9f15c7f3441c2363321a3ea07da7ae0c0707beb2a9c/typing_extensions-4.15.0-py3-none-any.whl", hash = "sha256:f0fa19c6845758ab08074a0cfa8b7aecb71c999ca73d62883bc25cc018c4e548", size = 44614, upload-time = "2025-08-25T13:49:24.86Z" },
]

[[package]]
name = "tzdata"
version = "2025.3"
source = { registry = "https://pypi.org/simple" }
sdist = { url = "https://files.pythonhosted.org/packages/5e/a7/c202b344c5ca7daf398f3b8a477eeb205cf3b6f32e7ec3a6bac0629ca975/tzdata-2025.3.tar.gz", hash = "sha256:de39c2ca5dc7b0344f2eba86f49d614019d29f060fc4ebc8a417896a620b56a7", size = 196772, upload-time = "2025-12-13T17:45:35.667Z" }
wheels = [
    { url = "https://files.pythonhosted.org/packages/c7/b0/003792df09decd6849a5e39c28b513c06e84436a54440380862b5aeff25d/tzdata-2025.3-py2.py3-none-any.whl", hash = "sha256:06a47e5700f3081aab02b2e513160914ff0694bce9947d6b76ebd6bf57cfc5d1", size = 348521, upload-time = "2025-12-13T17:45:33.889Z" },
]
